// !$*UTF8*$!
{
	archiveVersion = 1;
	classes = {
	};
	objectVersion = 55;
	objects = {

/* Begin PBXBuildFile section */
		5B7BE34627B57D99005D0F6D /* AppDelegate.swift in Sources */ = {isa = PBXBuildFile; fileRef = 5B7BE34527B57D99005D0F6D /* AppDelegate.swift */; };
		5B7BE34827B57D99005D0F6D /* SceneDelegate.swift in Sources */ = {isa = PBXBuildFile; fileRef = 5B7BE34727B57D99005D0F6D /* SceneDelegate.swift */; };
		5B7BE34A27B57D99005D0F6D /* ViewController.swift in Sources */ = {isa = PBXBuildFile; fileRef = 5B7BE34927B57D99005D0F6D /* ViewController.swift */; };
		5B7BE34D27B57D99005D0F6D /* Main.storyboard in Resources */ = {isa = PBXBuildFile; fileRef = 5B7BE34B27B57D99005D0F6D /* Main.storyboard */; };
		5B7BE34F27B57D9A005D0F6D /* Assets.xcassets in Resources */ = {isa = PBXBuildFile; fileRef = 5B7BE34E27B57D9A005D0F6D /* Assets.xcassets */; };
		5B7BE35227B57D9A005D0F6D /* LaunchScreen.storyboard in Resources */ = {isa = PBXBuildFile; fileRef = 5B7BE35027B57D9A005D0F6D /* LaunchScreen.storyboard */; };
		5B7BE35D27B57D9A005D0F6D /* COURSEDISPLAYAPPTests.swift in Sources */ = {isa = PBXBuildFile; fileRef = 5B7BE35C27B57D9A005D0F6D /* COURSEDISPLAYAPPTests.swift */; };
		5B7BE36727B57D9A005D0F6D /* COURSEDISPLAYAPPUITests.swift in Sources */ = {isa = PBXBuildFile; fileRef = 5B7BE36627B57D9A005D0F6D /* COURSEDISPLAYAPPUITests.swift */; };
		5B7BE36927B57D9A005D0F6D /* COURSEDISPLAYAPPUITestsLaunchTests.swift in Sources */ = {isa = PBXBuildFile; fileRef = 5B7BE36827B57D9A005D0F6D /* COURSEDISPLAYAPPUITestsLaunchTests.swift */; };
/* End PBXBuildFile section */

/* Begin PBXContainerItemProxy section */
		5B7BE35927B57D9A005D0F6D /* PBXContainerItemProxy */ = {
			isa = PBXContainerItemProxy;
			containerPortal = 5B7BE33A27B57D99005D0F6D /* Project object */;
			proxyType = 1;
			remoteGlobalIDString = 5B7BE34127B57D99005D0F6D;
			remoteInfo = COURSEDISPLAYAPP;
		};
		5B7BE36327B57D9A005D0F6D /* PBXContainerItemProxy */ = {
			isa = PBXContainerItemProxy;
			containerPortal = 5B7BE33A27B57D99005D0F6D /* Project object */;
			proxyType = 1;
			remoteGlobalIDString = 5B7BE34127B57D99005D0F6D;
			remoteInfo = COURSEDISPLAYAPP;
		};
/* End PBXContainerItemProxy section */

/* Begin PBXFileReference section */
		5B7BE34227B57D99005D0F6D /* COURSEDISPLAYAPP.app */ = {isa = PBXFileReference; explicitFileType = wrapper.application; includeInIndex = 0; path = COURSEDISPLAYAPP.app; sourceTree = BUILT_PRODUCTS_DIR; };
		5B7BE34527B57D99005D0F6D /* AppDelegate.swift */ = {isa = PBXFileReference; lastKnownFileType = sourcecode.swift; path = AppDelegate.swift; sourceTree = "<group>"; };
		5B7BE34727B57D99005D0F6D /* SceneDelegate.swift */ = {isa = PBXFileReference; lastKnownFileType = sourcecode.swift; path = SceneDelegate.swift; sourceTree = "<group>"; };
		5B7BE34927B57D99005D0F6D /* ViewController.swift */ = {isa = PBXFileReference; lastKnownFileType = sourcecode.swift; path = ViewController.swift; sourceTree = "<group>"; };
		5B7BE34C27B57D99005D0F6D /* Base */ = {isa = PBXFileReference; lastKnownFileType = file.storyboard; name = Base; path = Base.lproj/Main.storyboard; sourceTree = "<group>"; };
		5B7BE34E27B57D9A005D0F6D /* Assets.xcassets */ = {isa = PBXFileReference; lastKnownFileType = folder.assetcatalog; path = Assets.xcassets; sourceTree = "<group>"; };
		5B7BE35127B57D9A005D0F6D /* Base */ = {isa = PBXFileReference; lastKnownFileType = file.storyboard; name = Base; path = Base.lproj/LaunchScreen.storyboard; sourceTree = "<group>"; };
		5B7BE35327B57D9A005D0F6D /* Info.plist */ = {isa = PBXFileReference; lastKnownFileType = text.plist.xml; path = Info.plist; sourceTree = "<group>"; };
		5B7BE35827B57D9A005D0F6D /* COURSEDISPLAYAPPTests.xctest */ = {isa = PBXFileReference; explicitFileType = wrapper.cfbundle; includeInIndex = 0; path = COURSEDISPLAYAPPTests.xctest; sourceTree = BUILT_PRODUCTS_DIR; };
		5B7BE35C27B57D9A005D0F6D /* COURSEDISPLAYAPPTests.swift */ = {isa = PBXFileReference; lastKnownFileType = sourcecode.swift; path = COURSEDISPLAYAPPTests.swift; sourceTree = "<group>"; };
		5B7BE36227B57D9A005D0F6D /* COURSEDISPLAYAPPUITests.xctest */ = {isa = PBXFileReference; explicitFileType = wrapper.cfbundle; includeInIndex = 0; path = COURSEDISPLAYAPPUITests.xctest; sourceTree = BUILT_PRODUCTS_DIR; };
		5B7BE36627B57D9A005D0F6D /* COURSEDISPLAYAPPUITests.swift */ = {isa = PBXFileReference; lastKnownFileType = sourcecode.swift; path = COURSEDISPLAYAPPUITests.swift; sourceTree = "<group>"; };
		5B7BE36827B57D9A005D0F6D /* COURSEDISPLAYAPPUITestsLaunchTests.swift */ = {isa = PBXFileReference; lastKnownFileType = sourcecode.swift; path = COURSEDISPLAYAPPUITestsLaunchTests.swift; sourceTree = "<group>"; };
/* End PBXFileReference section */

/* Begin PBXFrameworksBuildPhase section */
		5B7BE33F27B57D99005D0F6D /* Frameworks */ = {
			isa = PBXFrameworksBuildPhase;
			buildActionMask = 2147483647;
			files = (
			);
			runOnlyForDeploymentPostprocessing = 0;
		};
		5B7BE35527B57D9A005D0F6D /* Frameworks */ = {
			isa = PBXFrameworksBuildPhase;
			buildActionMask = 2147483647;
			files = (
			);
			runOnlyForDeploymentPostprocessing = 0;
		};
		5B7BE35F27B57D9A005D0F6D /* Frameworks */ = {
			isa = PBXFrameworksBuildPhase;
			buildActionMask = 2147483647;
			files = (
			);
			runOnlyForDeploymentPostprocessing = 0;
		};
/* End PBXFrameworksBuildPhase section */

/* Begin PBXGroup section */
		5B7BE33927B57D99005D0F6D = {
			isa = PBXGroup;
			children = (
				5B7BE34427B57D99005D0F6D /* COURSEDISPLAYAPP */,
				5B7BE35B27B57D9A005D0F6D /* COURSEDISPLAYAPPTests */,
				5B7BE36527B57D9A005D0F6D /* COURSEDISPLAYAPPUITests */,
				5B7BE34327B57D99005D0F6D /* Products */,
			);
			sourceTree = "<group>";
		};
		5B7BE34327B57D99005D0F6D /* Products */ = {
			isa = PBXGroup;
			children = (
				5B7BE34227B57D99005D0F6D /* COURSEDISPLAYAPP.app */,
				5B7BE35827B57D9A005D0F6D /* COURSEDISPLAYAPPTests.xctest */,
				5B7BE36227B57D9A005D0F6D /* COURSEDISPLAYAPPUITests.xctest */,
			);
			name = Products;
			sourceTree = "<group>";
		};
		5B7BE34427B57D99005D0F6D /* COURSEDISPLAYAPP */ = {
			isa = PBXGroup;
			children = (
				5B7BE34527B57D99005D0F6D /* AppDelegate.swift */,
				5B7BE34727B57D99005D0F6D /* SceneDelegate.swift */,
				5B7BE34927B57D99005D0F6D /* ViewController.swift */,
				5B7BE34B27B57D99005D0F6D /* Main.storyboard */,
				5B7BE34E27B57D9A005D0F6D /* Assets.xcassets */,
				5B7BE35027B57D9A005D0F6D /* LaunchScreen.storyboard */,
				5B7BE35327B57D9A005D0F6D /* Info.plist */,
			);
			path = COURSEDISPLAYAPP;
			sourceTree = "<group>";
		};
		5B7BE35B27B57D9A005D0F6D /* COURSEDISPLAYAPPTests */ = {
			isa = PBXGroup;
			children = (
				5B7BE35C27B57D9A005D0F6D /* COURSEDISPLAYAPPTests.swift */,
			);
			path = COURSEDISPLAYAPPTests;
			sourceTree = "<group>";
		};
		5B7BE36527B57D9A005D0F6D /* COURSEDISPLAYAPPUITests */ = {
			isa = PBXGroup;
			children = (
				5B7BE36627B57D9A005D0F6D /* COURSEDISPLAYAPPUITests.swift */,
				5B7BE36827B57D9A005D0F6D /* COURSEDISPLAYAPPUITestsLaunchTests.swift */,
			);
			path = COURSEDISPLAYAPPUITests;
			sourceTree = "<group>";
		};
/* End PBXGroup section */

/* Begin PBXNativeTarget section */
		5B7BE34127B57D99005D0F6D /* COURSEDISPLAYAPP */ = {
			isa = PBXNativeTarget;
			buildConfigurationList = 5B7BE36C27B57D9A005D0F6D /* Build configuration list for PBXNativeTarget "COURSEDISPLAYAPP" */;
			buildPhases = (
				5B7BE33E27B57D99005D0F6D /* Sources */,
				5B7BE33F27B57D99005D0F6D /* Frameworks */,
				5B7BE34027B57D99005D0F6D /* Resources */,
			);
			buildRules = (
			);
			dependencies = (
			);
			name = COURSEDISPLAYAPP;
			productName = COURSEDISPLAYAPP;
			productReference = 5B7BE34227B57D99005D0F6D /* COURSEDISPLAYAPP.app */;
			productType = "com.apple.product-type.application";
		};
		5B7BE35727B57D9A005D0F6D /* COURSEDISPLAYAPPTests */ = {
			isa = PBXNativeTarget;
			buildConfigurationList = 5B7BE36F27B57D9A005D0F6D /* Build configuration list for PBXNativeTarget "COURSEDISPLAYAPPTests" */;
			buildPhases = (
				5B7BE35427B57D9A005D0F6D /* Sources */,
				5B7BE35527B57D9A005D0F6D /* Frameworks */,
				5B7BE35627B57D9A005D0F6D /* Resources */,
			);
			buildRules = (
			);
			dependencies = (
				5B7BE35A27B57D9A005D0F6D /* PBXTargetDependency */,
			);
			name = COURSEDISPLAYAPPTests;
			productName = COURSEDISPLAYAPPTests;
			productReference = 5B7BE35827B57D9A005D0F6D /* COURSEDISPLAYAPPTests.xctest */;
			productType = "com.apple.product-type.bundle.unit-test";
		};
		5B7BE36127B57D9A005D0F6D /* COURSEDISPLAYAPPUITests */ = {
			isa = PBXNativeTarget;
			buildConfigurationList = 5B7BE37227B57D9A005D0F6D /* Build configuration list for PBXNativeTarget "COURSEDISPLAYAPPUITests" */;
			buildPhases = (
				5B7BE35E27B57D9A005D0F6D /* Sources */,
				5B7BE35F27B57D9A005D0F6D /* Frameworks */,
				5B7BE36027B57D9A005D0F6D /* Resources */,
			);
			buildRules = (
			);
			dependencies = (
				5B7BE36427B57D9A005D0F6D /* PBXTargetDependency */,
			);
			name = COURSEDISPLAYAPPUITests;
			productName = COURSEDISPLAYAPPUITests;
			productReference = 5B7BE36227B57D9A005D0F6D /* COURSEDISPLAYAPPUITests.xctest */;
			productType = "com.apple.product-type.bundle.ui-testing";
		};
/* End PBXNativeTarget section */

/* Begin PBXProject section */
		5B7BE33A27B57D99005D0F6D /* Project object */ = {
			isa = PBXProject;
			attributes = {
				BuildIndependentTargetsInParallel = 1;
				LastSwiftUpdateCheck = 1320;
				LastUpgradeCheck = 1320;
				TargetAttributes = {
					5B7BE34127B57D99005D0F6D = {
						CreatedOnToolsVersion = 13.2.1;
					};
					5B7BE35727B57D9A005D0F6D = {
						CreatedOnToolsVersion = 13.2.1;
						TestTargetID = 5B7BE34127B57D99005D0F6D;
					};
					5B7BE36127B57D9A005D0F6D = {
						CreatedOnToolsVersion = 13.2.1;
						TestTargetID = 5B7BE34127B57D99005D0F6D;
					};
				};
			};
			buildConfigurationList = 5B7BE33D27B57D99005D0F6D /* Build configuration list for PBXProject "COURSEDISPLAYAPP" */;
			compatibilityVersion = "Xcode 13.0";
			developmentRegion = en;
			hasScannedForEncodings = 0;
			knownRegions = (
				en,
				Base,
			);
			mainGroup = 5B7BE33927B57D99005D0F6D;
			productRefGroup = 5B7BE34327B57D99005D0F6D /* Products */;
			projectDirPath = "";
			projectRoot = "";
			targets = (
				5B7BE34127B57D99005D0F6D /* COURSEDISPLAYAPP */,
				5B7BE35727B57D9A005D0F6D /* COURSEDISPLAYAPPTests */,
				5B7BE36127B57D9A005D0F6D /* COURSEDISPLAYAPPUITests */,
			);
		};
/* End PBXProject section */

/* Begin PBXResourcesBuildPhase section */
		5B7BE34027B57D99005D0F6D /* Resources */ = {
			isa = PBXResourcesBuildPhase;
			buildActionMask = 2147483647;
			files = (
				5B7BE35227B57D9A005D0F6D /* LaunchScreen.storyboard in Resources */,
				5B7BE34F27B57D9A005D0F6D /* Assets.xcassets in Resources */,
				5B7BE34D27B57D99005D0F6D /* Main.storyboard in Resources */,
			);
			runOnlyForDeploymentPostprocessing = 0;
		};
		5B7BE35627B57D9A005D0F6D /* Resources */ = {
			isa = PBXResourcesBuildPhase;
			buildActionMask = 2147483647;
			files = (
			);
			runOnlyForDeploymentPostprocessing = 0;
		};
		5B7BE36027B57D9A005D0F6D /* Resources */ = {
			isa = PBXResourcesBuildPhase;
			buildActionMask = 2147483647;
			files = (
			);
			runOnlyForDeploymentPostprocessing = 0;
		};
/* End PBXResourcesBuildPhase section */

/* Begin PBXSourcesBuildPhase section */
		5B7BE33E27B57D99005D0F6D /* Sources */ = {
			isa = PBXSourcesBuildPhase;
			buildActionMask = 2147483647;
			files = (
				5B7BE34A27B57D99005D0F6D /* ViewController.swift in Sources */,
				5B7BE34627B57D99005D0F6D /* AppDelegate.swift in Sources */,
				5B7BE34827B57D99005D0F6D /* SceneDelegate.swift in Sources */,
			);
			runOnlyForDeploymentPostprocessing = 0;
		};
		5B7BE35427B57D9A005D0F6D /* Sources */ = {
			isa = PBXSourcesBuildPhase;
			buildActionMask = 2147483647;
			files = (
				5B7BE35D27B57D9A005D0F6D /* COURSEDISPLAYAPPTests.swift in Sources */,
			);
			runOnlyForDeploymentPostprocessing = 0;
		};
		5B7BE35E27B57D9A005D0F6D /* Sources */ = {
			isa = PBXSourcesBuildPhase;
			buildActionMask = 2147483647;
			files = (
				5B7BE36927B57D9A005D0F6D /* COURSEDISPLAYAPPUITestsLaunchTests.swift in Sources */,
				5B7BE36727B57D9A005D0F6D /* COURSEDISPLAYAPPUITests.swift in Sources */,
			);
			runOnlyForDeploymentPostprocessing = 0;
		};
/* End PBXSourcesBuildPhase section */

/* Begin PBXTargetDependency section */
		5B7BE35A27B57D9A005D0F6D /* PBXTargetDependency */ = {
			isa = PBXTargetDependency;
			target = 5B7BE34127B57D99005D0F6D /* COURSEDISPLAYAPP */;
			targetProxy = 5B7BE35927B57D9A005D0F6D /* PBXContainerItemProxy */;
		};
		5B7BE36427B57D9A005D0F6D /* PBXTargetDependency */ = {
			isa = PBXTargetDependency;
			target = 5B7BE34127B57D99005D0F6D /* COURSEDISPLAYAPP */;
			targetProxy = 5B7BE36327B57D9A005D0F6D /* PBXContainerItemProxy */;
		};
/* End PBXTargetDependency section */

/* Begin PBXVariantGroup section */
		5B7BE34B27B57D99005D0F6D /* Main.storyboard */ = {
			isa = PBXVariantGroup;
			children = (
				5B7BE34C27B57D99005D0F6D /* Base */,
			);
			name = Main.storyboard;
			sourceTree = "<group>";
		};
		5B7BE35027B57D9A005D0F6D /* LaunchScreen.storyboard */ = {
			isa = PBXVariantGroup;
			children = (
				5B7BE35127B57D9A005D0F6D /* Base */,
			);
			name = LaunchScreen.storyboard;
			sourceTree = "<group>";
		};
/* End PBXVariantGroup section */

/* Begin XCBuildConfiguration section */
		5B7BE36A27B57D9A005D0F6D /* Debug */ = {
			isa = XCBuildConfiguration;
			buildSettings = {
				ALWAYS_SEARCH_USER_PATHS = NO;
				CLANG_ANALYZER_NONNULL = YES;
				CLANG_ANALYZER_NUMBER_OBJECT_CONVERSION = YES_AGGRESSIVE;
				CLANG_CXX_LANGUAGE_STANDARD = "gnu++17";
				CLANG_CXX_LIBRARY = "libc++";
				CLANG_ENABLE_MODULES = YES;
				CLANG_ENABLE_OBJC_ARC = YES;
				CLANG_ENABLE_OBJC_WEAK = YES;
				CLANG_WARN_BLOCK_CAPTURE_AUTORELEASING = YES;
				CLANG_WARN_BOOL_CONVERSION = YES;
				CLANG_WARN_COMMA = YES;
				CLANG_WARN_CONSTANT_CONVERSION = YES;
				CLANG_WARN_DEPRECATED_OBJC_IMPLEMENTATIONS = YES;
				CLANG_WARN_DIRECT_OBJC_ISA_USAGE = YES_ERROR;
				CLANG_WARN_DOCUMENTATION_COMMENTS = YES;
				CLANG_WARN_EMPTY_BODY = YES;
				CLANG_WARN_ENUM_CONVERSION = YES;
				CLANG_WARN_INFINITE_RECURSION = YES;
				CLANG_WARN_INT_CONVERSION = YES;
				CLANG_WARN_NON_LITERAL_NULL_CONVERSION = YES;
				CLANG_WARN_OBJC_IMPLICIT_RETAIN_SELF = YES;
				CLANG_WARN_OBJC_LITERAL_CONVERSION = YES;
				CLANG_WARN_OBJC_ROOT_CLASS = YES_ERROR;
				CLANG_WARN_QUOTED_INCLUDE_IN_FRAMEWORK_HEADER = YES;
				CLANG_WARN_RANGE_LOOP_ANALYSIS = YES;
				CLANG_WARN_STRICT_PROTOTYPES = YES;
				CLANG_WARN_SUSPICIOUS_MOVE = YES;
				CLANG_WARN_UNGUARDED_AVAILABILITY = YES_AGGRESSIVE;
				CLANG_WARN_UNREACHABLE_CODE = YES;
				CLANG_WARN__DUPLICATE_METHOD_MATCH = YES;
				COPY_PHASE_STRIP = NO;
				DEBUG_INFORMATION_FORMAT = dwarf;
				ENABLE_STRICT_OBJC_MSGSEND = YES;
				ENABLE_TESTABILITY = YES;
				GCC_C_LANGUAGE_STANDARD = gnu11;
				GCC_DYNAMIC_NO_PIC = NO;
				GCC_NO_COMMON_BLOCKS = YES;
				GCC_OPTIMIZATION_LEVEL = 0;
				GCC_PREPROCESSOR_DEFINITIONS = (
					"DEBUG=1",
					"$(inherited)",
				);
				GCC_WARN_64_TO_32_BIT_CONVERSION = YES;
				GCC_WARN_ABOUT_RETURN_TYPE = YES_ERROR;
				GCC_WARN_UNDECLARED_SELECTOR = YES;
				GCC_WARN_UNINITIALIZED_AUTOS = YES_AGGRESSIVE;
				GCC_WARN_UNUSED_FUNCTION = YES;
				GCC_WARN_UNUSED_VARIABLE = YES;
				IPHONEOS_DEPLOYMENT_TARGET = 15.2;
				MTL_ENABLE_DEBUG_INFO = INCLUDE_SOURCE;
				MTL_FAST_MATH = YES;
				ONLY_ACTIVE_ARCH = YES;
				SDKROOT = iphoneos;
				SWIFT_ACTIVE_COMPILATION_CONDITIONS = DEBUG;
				SWIFT_OPTIMIZATION_LEVEL = "-Onone";
			};
			name = Debug;
		};
		5B7BE36B27B57D9A005D0F6D /* Release */ = {
			isa = XCBuildConfiguration;
			buildSettings = {
				ALWAYS_SEARCH_USER_PATHS = NO;
				CLANG_ANALYZER_NONNULL = YES;
				CLANG_ANALYZER_NUMBER_OBJECT_CONVERSION = YES_AGGRESSIVE;
				CLANG_CXX_LANGUAGE_STANDARD = "gnu++17";
				CLANG_CXX_LIBRARY = "libc++";
				CLANG_ENABLE_MODULES = YES;
				CLANG_ENABLE_OBJC_ARC = YES;
				CLANG_ENABLE_OBJC_WEAK = YES;
				CLANG_WARN_BLOCK_CAPTURE_AUTORELEASING = YES;
				CLANG_WARN_BOOL_CONVERSION = YES;
				CLANG_WARN_COMMA = YES;
				CLANG_WARN_CONSTANT_CONVERSION = YES;
				CLANG_WARN_DEPRECATED_OBJC_IMPLEMENTATIONS = YES;
				CLANG_WARN_DIRECT_OBJC_ISA_USAGE = YES_ERROR;
				CLANG_WARN_DOCUMENTATION_COMMENTS = YES;
				CLANG_WARN_EMPTY_BODY = YES;
				CLANG_WARN_ENUM_CONVERSION = YES;
				CLANG_WARN_INFINITE_RECURSION = YES;
				CLANG_WARN_INT_CONVERSION = YES;
				CLANG_WARN_NON_LITERAL_NULL_CONVERSION = YES;
				CLANG_WARN_OBJC_IMPLICIT_RETAIN_SELF = YES;
				CLANG_WARN_OBJC_LITERAL_CONVERSION = YES;
				CLANG_WARN_OBJC_ROOT_CLASS = YES_ERROR;
				CLANG_WARN_QUOTED_INCLUDE_IN_FRAMEWORK_HEADER = YES;
				CLANG_WARN_RANGE_LOOP_ANALYSIS = YES;
				CLANG_WARN_STRICT_PROTOTYPES = YES;
				CLANG_WARN_SUSPICIOUS_MOVE = YES;
				CLANG_WARN_UNGUARDED_AVAILABILITY = YES_AGGRESSIVE;
				CLANG_WARN_UNREACHABLE_CODE = YES;
				CLANG_WARN__DUPLICATE_METHOD_MATCH = YES;
				COPY_PHASE_STRIP = NO;
				DEBUG_INFORMATION_FORMAT = "dwarf-with-dsym";
				ENABLE_NS_ASSERTIONS = NO;
				ENABLE_STRICT_OBJC_MSGSEND = YES;
				GCC_C_LANGUAGE_STANDARD = gnu11;
				GCC_NO_COMMON_BLOCKS = YES;
				GCC_WARN_64_TO_32_BIT_CONVERSION = YES;
				GCC_WARN_ABOUT_RETURN_TYPE = YES_ERROR;
				GCC_WARN_UNDECLARED_SELECTOR = YES;
				GCC_WARN_UNINITIALIZED_AUTOS = YES_AGGRESSIVE;
				GCC_WARN_UNUSED_FUNCTION = YES;
				GCC_WARN_UNUSED_VARIABLE = YES;
				IPHONEOS_DEPLOYMENT_TARGET = 15.2;
				MTL_ENABLE_DEBUG_INFO = NO;
				MTL_FAST_MATH = YES;
				SDKROOT = iphoneos;
				SWIFT_COMPILATION_MODE = wholemodule;
				SWIFT_OPTIMIZATION_LEVEL = "-O";
				VALIDATE_PRODUCT = YES;
			};
			name = Release;
		};
		5B7BE36D27B57D9A005D0F6D /* Debug */ = {
			isa = XCBuildConfiguration;
			buildSettings = {
				ASSETCATALOG_COMPILER_APPICON_NAME = AppIcon;
				ASSETCATALOG_COMPILER_GLOBAL_ACCENT_COLOR_NAME = AccentColor;
				CODE_SIGN_STYLE = Automatic;
				CURRENT_PROJECT_VERSION = 1;
				GENERATE_INFOPLIST_FILE = YES;
				INFOPLIST_FILE = COURSEDISPLAYAPP/Info.plist;
				INFOPLIST_KEY_CFBundleDisplayName = COURSEDISPLAYAPP;
				INFOPLIST_KEY_UIApplicationSupportsIndirectInputEvents = YES;
				INFOPLIST_KEY_UILaunchStoryboardName = LaunchScreen;
				INFOPLIST_KEY_UIMainStoryboardFile = Main;
				INFOPLIST_KEY_UISupportedInterfaceOrientations_iPad = "UIInterfaceOrientationPortrait UIInterfaceOrientationPortraitUpsideDown UIInterfaceOrientationLandscapeLeft UIInterfaceOrientationLandscapeRight";
				INFOPLIST_KEY_UISupportedInterfaceOrientations_iPhone = "UIInterfaceOrientationPortrait UIInterfaceOrientationLandscapeLeft UIInterfaceOrientationLandscapeRight";
				LD_RUNPATH_SEARCH_PATHS = (
					"$(inherited)",
					"@executable_path/Frameworks",
				);
				MARKETING_VERSION = 1.0;
				PRODUCT_BUNDLE_IDENTIFIER = NWMSU.COURSEDISPLAYAPP;
				PRODUCT_NAME = "$(TARGET_NAME)";
				SWIFT_EMIT_LOC_STRINGS = YES;
				SWIFT_VERSION = 5.0;
				TARGETED_DEVICE_FAMILY = "1,2";
			};
			name = Debug;
		};
		5B7BE36E27B57D9A005D0F6D /* Release */ = {
			isa = XCBuildConfiguration;
			buildSettings = {
				ASSETCATALOG_COMPILER_APPICON_NAME = AppIcon;
				ASSETCATALOG_COMPILER_GLOBAL_ACCENT_COLOR_NAME = AccentColor;
				CODE_SIGN_STYLE = Automatic;
				CURRENT_PROJECT_VERSION = 1;
				GENERATE_INFOPLIST_FILE = YES;
				INFOPLIST_FILE = COURSEDISPLAYAPP/Info.plist;
				INFOPLIST_KEY_CFBundleDisplayName = COURSEDISPLAYAPP;
				INFOPLIST_KEY_UIApplicationSupportsIndirectInputEvents = YES;
				INFOPLIST_KEY_UILaunchStoryboardName = LaunchScreen;
				INFOPLIST_KEY_UIMainStoryboardFile = Main;
				INFOPLIST_KEY_UISupportedInterfaceOrientations_iPad = "UIInterfaceOrientationPortrait UIInterfaceOrientationPortraitUpsideDown UIInterfaceOrientationLandscapeLeft UIInterfaceOrientationLandscapeRight";
				INFOPLIST_KEY_UISupportedInterfaceOrientations_iPhone = "UIInterfaceOrientationPortrait UIInterfaceOrientationLandscapeLeft UIInterfaceOrientationLandscapeRight";
				LD_RUNPATH_SEARCH_PATHS = (
					"$(inherited)",
					"@executable_path/Frameworks",
				);
				MARKETING_VERSION = 1.0;
				PRODUCT_BUNDLE_IDENTIFIER = NWMSU.COURSEDISPLAYAPP;
				PRODUCT_NAME = "$(TARGET_NAME)";
				SWIFT_EMIT_LOC_STRINGS = YES;
				SWIFT_VERSION = 5.0;
				TARGETED_DEVICE_FAMILY = "1,2";
			};
			name = Release;
		};
		5B7BE37027B57D9A005D0F6D /* Debug */ = {
			isa = XCBuildConfiguration;
			buildSettings = {
				ALWAYS_EMBED_SWIFT_STANDARD_LIBRARIES = YES;
				BUNDLE_LOADER = "$(TEST_HOST)";
				CODE_SIGN_STYLE = Automatic;
				CURRENT_PROJECT_VERSION = 1;
				GENERATE_INFOPLIST_FILE = YES;
				IPHONEOS_DEPLOYMENT_TARGET = 15.2;
				MARKETING_VERSION = 1.0;
				PRODUCT_BUNDLE_IDENTIFIER = NWMSU.COURSEDISPLAYAPPTests;
				PRODUCT_NAME = "$(TARGET_NAME)";
				SWIFT_EMIT_LOC_STRINGS = NO;
				SWIFT_VERSION = 5.0;
				TARGETED_DEVICE_FAMILY = "1,2";
				TEST_HOST = "$(BUILT_PRODUCTS_DIR)/COURSEDISPLAYAPP.app/COURSEDISPLAYAPP";
			};
			name = Debug;
		};
		5B7BE37127B57D9A005D0F6D /* Release */ = {
			isa = XCBuildConfiguration;
			buildSettings = {
				ALWAYS_EMBED_SWIFT_STANDARD_LIBRARIES = YES;
				BUNDLE_LOADER = "$(TEST_HOST)";
				CODE_SIGN_STYLE = Automatic;
				CURRENT_PROJECT_VERSION = 1;
				GENERATE_INFOPLIST_FILE = YES;
				IPHONEOS_DEPLOYMENT_TARGET = 15.2;
				MARKETING_VERSION = 1.0;
				PRODUCT_BUNDLE_IDENTIFIER = NWMSU.COURSEDISPLAYAPPTests;
				PRODUCT_NAME = "$(TARGET_NAME)";
				SWIFT_EMIT_LOC_STRINGS = NO;
				SWIFT_VERSION = 5.0;
				TARGETED_DEVICE_FAMILY = "1,2";
				TEST_HOST = "$(BUILT_PRODUCTS_DIR)/COURSEDISPLAYAPP.app/COURSEDISPLAYAPP";
			};
			name = Release;
		};
		5B7BE37327B57D9A005D0F6D /* Debug */ = {
			isa = XCBuildConfiguration;
			buildSettings = {
				ALWAYS_EMBED_SWIFT_STANDARD_LIBRARIES = YES;
				CODE_SIGN_STYLE = Automatic;
				CURRENT_PROJECT_VERSION = 1;
				GENERATE_INFOPLIST_FILE = YES;
				MARKETING_VERSION = 1.0;
				PRODUCT_BUNDLE_IDENTIFIER = NWMSU.COURSEDISPLAYAPPUITests;
				PRODUCT_NAME = "$(TARGET_NAME)";
				SWIFT_EMIT_LOC_STRINGS = NO;
				SWIFT_VERSION = 5.0;
				TARGETED_DEVICE_FAMILY = "1,2";
				TEST_TARGET_NAME = COURSEDISPLAYAPP;
			};
			name = Debug;
		};
		5B7BE37427B57D9A005D0F6D /* Release */ = {
			isa = XCBuildConfiguration;
			buildSettings = {
				ALWAYS_EMBED_SWIFT_STANDARD_LIBRARIES = YES;
				CODE_SIGN_STYLE = Automatic;
				CURRENT_PROJECT_VERSION = 1;
				GENERATE_INFOPLIST_FILE = YES;
				MARKETING_VERSION = 1.0;
				PRODUCT_BUNDLE_IDENTIFIER = NWMSU.COURSEDISPLAYAPPUITests;
				PRODUCT_NAME = "$(TARGET_NAME)";
				SWIFT_EMIT_LOC_STRINGS = NO;
				SWIFT_VERSION = 5.0;
				TARGETED_DEVICE_FAMILY = "1,2";
				TEST_TARGET_NAME = COURSEDISPLAYAPP;
			};
			name = Release;
		};
/* End XCBuildConfiguration section */

/* Begin XCConfigurationList section */
		5B7BE33D27B57D99005D0F6D /* Build configuration list for PBXProject "COURSEDISPLAYAPP" */ = {
			isa = XCConfigurationList;
			buildConfigurations = (
				5B7BE36A27B57D9A005D0F6D /* Debug */,
				5B7BE36B27B57D9A005D0F6D /* Release */,
			);
			defaultConfigurationIsVisible = 0;
			defaultConfigurationName = Release;
		};
		5B7BE36C27B57D9A005D0F6D /* Build configuration list for PBXNativeTarget "COURSEDISPLAYAPP" */ = {
			isa = XCConfigurationList;
			buildConfigurations = (
				5B7BE36D27B57D9A005D0F6D /* Debug */,
				5B7BE36E27B57D9A005D0F6D /* Release */,
			);
			defaultConfigurationIsVisible = 0;
			defaultConfigurationName = Release;
		};
		5B7BE36F27B57D9A005D0F6D /* Build configuration list for PBXNativeTarget "COURSEDISPLAYAPPTests" */ = {
			isa = XCConfigurationList;
			buildConfigurations = (
				5B7BE37027B57D9A005D0F6D /* Debug */,
				5B7BE37127B57D9A005D0F6D /* Release */,
			);
			defaultConfigurationIsVisible = 0;
			defaultConfigurationName = Release;
		};
		5B7BE37227B57D9A005D0F6D /* Build configuration list for PBXNativeTarget "COURSEDISPLAYAPPUITests" */ = {
			isa = XCConfigurationList;
			buildConfigurations = (
				5B7BE37327B57D9A005D0F6D /* Debug */,
				5B7BE37427B57D9A005D0F6D /* Release */,
			);
			defaultConfigurationIsVisible = 0;
			defaultConfigurationName = Release;
		};
/* End XCConfigurationList section */
	};
	rootObject = 5B7BE33A27B57D99005D0F6D /* Project object */;
}
